# This file is autogenerated, do not edit; changes may be undone by the next 'dep ensure'.


[[projects]]
  digest = "1:e7f1117ec9d37b59ba6d70bbd8feaa9cd2d1c6f676dc88ee152f5a57908fea4b"
  name = "github.com/go-pg/pg"
  packages = [
    ".",
    "internal",
    "internal/parser",
    "internal/pool",
    "orm",
    "types",
  ]
  pruneopts = "UT"
  revision = "514bed76d8f579d6ff8d40294fa77e476a5c1b3f"
  version = "v6.15.0"

[[projects]]
  branch = "master"
  digest = "1:fd97437fbb6b7dce04132cf06775bd258cce305c44add58eb55ca86c6c325160"
  name = "github.com/jinzhu/inflection"
  packages = ["."]
  pruneopts = "UT"
  revision = "04140366298a54a039076d798123ffa108fff46c"

[[projects]]
  branch = "master"
  digest = "1:c83590426ecf1362e77a9054afed570b201de1a353398a6157ecce06583ea024"
  name = "github.com/vmihailenco/sasl"
  packages = ["."]
  pruneopts = "UT"
  revision = "2f13c189728a02f8cc31b3b9cc06047b383c21cc"

[[projects]]
  branch = "master"
  digest = "1:f92f6956e4059f6a3efc14924d2dd58ba90da25cc57fe07ae3779ef2f5e0c5f2"
  name = "golang.org/x/crypto"
  packages = ["pbkdf2"]
  pruneopts = "UT"
  revision = "057139ce5d2bdbe6fe73c53679e24e9cf007f637"

[solve-meta]
  analyzer-name = "dep"
  analyzer-version = 1
  input-imports = [
    "github.com/go-pg/pg",
    "github.com/go-pg/pg/orm",
  ]
  solver-name = "gps-cdcl"
  solver-version = 1
